{
  "name": "connector-preflight-skill",
  "version": "0.1.0",
  "lockfileVersion": 3,
  "requires": true,
  "packages": {
    "": {
      "name": "connector-preflight-skill",
      "version": "0.1.0",
      "license": "MIT",
      "bin": {
        "connector-preflight": "bin/connector-preflight.js"
      },
      "engines": {
        "node": ">=18"
      }
    }
  }
}
